# THIS IS AN AUTOGENERATED FILE. DO NOT EDIT THIS FILE DIRECTLY.
# yarn lockfile v1


"@types/commander@^2.9.2":
  version "2.9.2"
  resolved "https://registry.yarnpkg.com/@types/commander/-/commander-2.9.2.tgz#421f0cafd94a580991662711ea61fc37a5fcfede"
  dependencies:
    "@types/node" "*"

"@types/mkdirp@^0.5.1":
  version "0.5.1"
  resolved "https://registry.yarnpkg.com/@types/mkdirp/-/mkdirp-0.5.1.tgz#ea887cd024f691c1ca67cce20b7606b053e43b0f"
  dependencies:
    "@types/node" "*"

"@types/node-fetch@^1.6.7":
  version "1.6.7"
  resolved "https://registry.yarnpkg.com/@types/node-fetch/-/node-fetch-1.6.7.tgz#521078e8f0c69a158e5022005aca92d2620f6d57"
  dependencies:
    "@types/node" "*"

"@types/node@*", "@types/node@^8.0.25":
  version "8.0.25"
  resolved "https://registry.yarnpkg.com/@types/node/-/node-8.0.25.tgz#66ecaf4df93f5281b48427ee96fbcdfc4f0cdce1"

ansi-styles@^3.1.0:
  version "3.2.0"
  resolved "https://registry.yarnpkg.com/ansi-styles/-/ansi-styles-3.2.0.tgz#c159b8d5be0f9e5a6f346dab94f16ce022161b88"
  dependencies:
    color-convert "^1.9.0"

argparse@^1.0.7:
  version "1.0.9"
  resolved "https://registry.yarnpkg.com/argparse/-/argparse-1.0.9.tgz#73d83bc263f86e97f8cc4f6bae1b0e90a7d22c86"
  dependencies:
    sprintf-js "~1.0.2"

arrify@^1.0.0:
  version "1.0.1"
  resolved "https://registry.yarnpkg.com/arrify/-/arrify-1.0.1.tgz#898508da2226f380df904728456849c1501a4b0d"

asynckit@^0.4.0:
  version "0.4.0"
  resolved "https://registry.yarnpkg.com/asynckit/-/asynckit-0.4.0.tgz#c79ed97f7f34cb8f2ba1bc9790bcc366474b4b79"

balanced-match@^1.0.0:
  version "1.0.0"
  resolved "https://registry.yarnpkg.com/balanced-match/-/balanced-match-1.0.0.tgz#89b4d199ab2bee49de164ea02b89ce462d71b767"

brace-expansion@^1.1.7:
  version "1.1.8"
  resolved "https://registry.yarnpkg.com/brace-expansion/-/brace-expansion-1.1.8.tgz#c07b211c7c952ec1f8efd51a77ef0d1d3990a292"
  dependencies:
    balanced-match "^1.0.0"
    concat-map "0.0.1"

chalk@^2.0.0:
  version "2.1.0"
  resolved "https://registry.yarnpkg.com/chalk/-/chalk-2.1.0.tgz#ac5becf14fa21b99c6c92ca7a7d7cfd5b17e743e"
  dependencies:
    ansi-styles "^3.1.0"
    escape-string-regexp "^1.0.5"
    supports-color "^4.0.0"

charenc@~0.0.1:
  version "0.0.2"
  resolved "https://registry.yarnpkg.com/charenc/-/charenc-0.0.2.tgz#c0a1d2f3a7092e03774bfa83f14c0fc5790a8667"

clone@~1.0.2:
  version "1.0.2"
  resolved "https://registry.yarnpkg.com/clone/-/clone-1.0.2.tgz#260b7a99ebb1edfe247538175f783243cb19d149"

color-convert@^1.9.0:
  version "1.9.0"
  resolved "https://registry.yarnpkg.com/color-convert/-/color-convert-1.9.0.tgz#1accf97dd739b983bf994d56fec8f95853641b7a"
  dependencies:
    color-name "^1.1.1"

color-name@^1.1.1:
  version "1.1.3"
  resolved "https://registry.yarnpkg.com/color-name/-/color-name-1.1.3.tgz#a7d0558bd89c42f795dd42328f740831ca53bc25"

combined-stream@^1.0.5:
  version "1.0.5"
  resolved "https://registry.yarnpkg.com/combined-stream/-/combined-stream-1.0.5.tgz#938370a57b4a51dea2c77c15d5c5fdf895164009"
  dependencies:
    delayed-stream "~1.0.0"

commander@^2.11.0, commander@^2.9.0:
  version "2.11.0"
  resolved "https://registry.yarnpkg.com/commander/-/commander-2.11.0.tgz#157152fd1e7a6c8d98a5b715cf376df928004563"

component-emitter@^1.2.0:
  version "1.2.1"
  resolved "https://registry.yarnpkg.com/component-emitter/-/component-emitter-1.2.1.tgz#137918d6d78283f7df7a6b7c5a63e140e69425e6"

concat-map@0.0.1:
  version "0.0.1"
  resolved "https://registry.yarnpkg.com/concat-map/-/concat-map-0.0.1.tgz#d8a96bd77fd68df7793a73036a3ba0d5405d477b"

cookiejar@^2.1.0:
  version "2.1.1"
  resolved "https://registry.yarnpkg.com/cookiejar/-/cookiejar-2.1.1.tgz#41ad57b1b555951ec171412a81942b1e8200d34a"

core-util-is@~1.0.0:
  version "1.0.2"
  resolved "https://registry.yarnpkg.com/core-util-is/-/core-util-is-1.0.2.tgz#b5fd54220aa2bc5ab57aab7140c940754503c1a7"

crypt@~0.0.1:
  version "0.0.2"
  resolved "https://registry.yarnpkg.com/crypt/-/crypt-0.0.2.tgz#88d7ff7ec0dfb86f713dc87bbb42d044d3e6c41b"

dag-map@~1.0.0:
  version "1.0.2"
  resolved "https://registry.yarnpkg.com/dag-map/-/dag-map-1.0.2.tgz#e8379f041000ed561fc515475c1ed2c85eece8d7"

debug@^2.6.0:
  version "2.6.8"
  resolved "https://registry.yarnpkg.com/debug/-/debug-2.6.8.tgz#e731531ca2ede27d188222427da17821d68ff4fc"
  dependencies:
    ms "2.0.0"

delayed-stream@~1.0.0:
  version "1.0.0"
  resolved "https://registry.yarnpkg.com/delayed-stream/-/delayed-stream-1.0.0.tgz#df3ae199acadfb7d440aaae0b29e2272b24ec619"

diff@^3.1.0:
  version "3.3.0"
  resolved "https://registry.yarnpkg.com/diff/-/diff-3.3.0.tgz#056695150d7aa93237ca7e378ac3b1682b7963b9"

encoding@^0.1.11:
  version "0.1.12"
  resolved "https://registry.yarnpkg.com/encoding/-/encoding-0.1.12.tgz#538b66f3ee62cd1ab51ec323829d1f9480c74beb"
  dependencies:
    iconv-lite "~0.4.13"

escape-string-regexp@^1.0.5:
  version "1.0.5"
  resolved "https://registry.yarnpkg.com/escape-string-regexp/-/escape-string-regexp-1.0.5.tgz#1b61c0562190a8dff6ae3bb2cf0200ca130b86d4"

esprima@^4.0.0:
  version "4.0.0"
  resolved "https://registry.yarnpkg.com/esprima/-/esprima-4.0.0.tgz#4499eddcd1110e0b218bacf2fa7f7f59f55ca804"

extend@^3.0.0:
  version "3.0.1"
  resolved "https://registry.yarnpkg.com/extend/-/extend-3.0.1.tgz#a755ea7bc1adfcc5a31ce7e762dbaadc5e636444"

form-data@^2.1.1:
  version "2.3.1"
  resolved "https://registry.yarnpkg.com/form-data/-/form-data-2.3.1.tgz#6fb94fbd71885306d73d15cc497fe4cc4ecd44bf"
  dependencies:
    asynckit "^0.4.0"
    combined-stream "^1.0.5"
    mime-types "^2.1.12"

formidable@^1.1.1:
  version "1.1.1"
  resolved "https://registry.yarnpkg.com/formidable/-/formidable-1.1.1.tgz#96b8886f7c3c3508b932d6bd70c4d3a88f35f1a9"

fs.realpath@^1.0.0:
  version "1.0.0"
  resolved "https://registry.yarnpkg.com/fs.realpath/-/fs.realpath-1.0.0.tgz#1504ad2523158caa40db4a2787cb01411994ea4f"

generate-function@^2.0.0:
  version "2.0.0"
  resolved "https://registry.yarnpkg.com/generate-function/-/generate-function-2.0.0.tgz#6858fe7c0969b7d4e9093337647ac79f60dfbe74"

generate-object-property@^1.1.0:
  version "1.2.0"
  resolved "https://registry.yarnpkg.com/generate-object-property/-/generate-object-property-1.2.0.tgz#9c0e1c40308ce804f4783618b937fa88f99d50d0"
  dependencies:
    is-property "^1.0.0"

glob@^7.0.5:
  version "7.1.2"
  resolved "https://registry.yarnpkg.com/glob/-/glob-7.1.2.tgz#c19c9df9a028702d678612384a6552404c636d15"
  dependencies:
    fs.realpath "^1.0.0"
    inflight "^1.0.4"
    inherits "2"
    minimatch "^3.0.4"
    once "^1.3.0"
    path-is-absolute "^1.0.0"

graphlib@^2.1.1:
  version "2.1.1"
  resolved "https://registry.yarnpkg.com/graphlib/-/graphlib-2.1.1.tgz#42352c52ba2f4d035cb566eb91f7395f76ebc951"
  dependencies:
    lodash "^4.11.1"

has-flag@^2.0.0:
  version "2.0.0"
  resolved "https://registry.yarnpkg.com/has-flag/-/has-flag-2.0.0.tgz#e8207af1cc7b30d446cc70b734b5e8be18f88d51"

iconv-lite@~0.4.13:
  version "0.4.18"
  resolved "https://registry.yarnpkg.com/iconv-lite/-/iconv-lite-0.4.18.tgz#23d8656b16aae6742ac29732ea8f0336a4789cf2"

inflight@^1.0.4:
  version "1.0.6"
  resolved "https://registry.yarnpkg.com/inflight/-/inflight-1.0.6.tgz#49bd6331d7d02d0c09bc910a1075ba8165b56df9"
  dependencies:
    once "^1.3.0"
    wrappy "1"

inherits@2, inherits@~2.0.3:
  version "2.0.3"
  resolved "https://registry.yarnpkg.com/inherits/-/inherits-2.0.3.tgz#633c2c83e3da42a502f52466022480f4208261de"

is-buffer@~1.1.1:
  version "1.1.5"
  resolved "https://registry.yarnpkg.com/is-buffer/-/is-buffer-1.1.5.tgz#1f3b26ef613b214b88cbca23cc6c01d87961eecc"

is-extglob@^1.0.0:
  version "1.0.0"
  resolved "https://registry.yarnpkg.com/is-extglob/-/is-extglob-1.0.0.tgz#ac468177c4943405a092fc8f29760c6ffc6206c0"

is-glob@^2.0.0:
  version "2.0.1"
  resolved "https://registry.yarnpkg.com/is-glob/-/is-glob-2.0.1.tgz#d096f926a3ded5600f3fdfd91198cb0888c2d863"
  dependencies:
    is-extglob "^1.0.0"

is-invalid-path@^0.1.0:
  version "0.1.0"
  resolved "https://registry.yarnpkg.com/is-invalid-path/-/is-invalid-path-0.1.0.tgz#307a855b3cf1a938b44ea70d2c61106053714f34"
  dependencies:
    is-glob "^2.0.0"

is-my-json-valid@^2.16.0:
  version "2.16.1"
  resolved "https://registry.yarnpkg.com/is-my-json-valid/-/is-my-json-valid-2.16.1.tgz#5a846777e2c2620d1e69104e5d3a03b1f6088f11"
  dependencies:
    generate-function "^2.0.0"
    generate-object-property "^1.1.0"
    jsonpointer "^4.0.0"
    xtend "^4.0.0"

is-property@^1.0.0:
  version "1.0.2"
  resolved "https://registry.yarnpkg.com/is-property/-/is-property-1.0.2.tgz#57fe1c4e48474edd65b09911f26b1cd4095dda84"

is-stream@^1.0.1:
  version "1.1.0"
  resolved "https://registry.yarnpkg.com/is-stream/-/is-stream-1.1.0.tgz#12d4a3dd4e68e0b79ceb8dbc84173ae80d91ca44"

is-valid-path@^0.1.1:
  version "0.1.1"
  resolved "https://registry.yarnpkg.com/is-valid-path/-/is-valid-path-0.1.1.tgz#110f9ff74c37f663e1ec7915eb451f2db93ac9df"
  dependencies:
    is-invalid-path "^0.1.0"

isarray@~1.0.0:
  version "1.0.0"
  resolved "https://registry.yarnpkg.com/isarray/-/isarray-1.0.0.tgz#bb935d48582cba168c06834957a54a3e07124f11"

js-yaml@^3.8.3:
  version "3.9.1"
  resolved "https://registry.yarnpkg.com/js-yaml/-/js-yaml-3.9.1.tgz#08775cebdfdd359209f0d2acd383c8f86a6904a0"
  dependencies:
    argparse "^1.0.7"
    esprima "^4.0.0"

json-refs@^2.1.6:
  version "2.1.7"
  resolved "https://registry.yarnpkg.com/json-refs/-/json-refs-2.1.7.tgz#b9eb01fe29f5ea3e92878f15aea10ad38b5acf89"
  dependencies:
    commander "^2.9.0"
    graphlib "^2.1.1"
    js-yaml "^3.8.3"
    native-promise-only "^0.8.1"
    path-loader "^1.0.2"
    slash "^1.0.0"
    uri-js "^3.0.2"

json-schema-deref-sync@^0.3.3:
  version "0.3.3"
  resolved "https://registry.yarnpkg.com/json-schema-deref-sync/-/json-schema-deref-sync-0.3.3.tgz#0d789a7f66cda4bbfb25fd17b064ba9d1e269faa"
  dependencies:
    clone "~1.0.2"
    dag-map "~1.0.0"
    is-valid-path "^0.1.1"
    lodash "^4.7.0"
    md5 "~2.2.0"
    memory-cache "~0.1.5"
    mpath "~0.2.1"
    traverse "~0.6.6"
    valid-url "~1.0.9"

jsonpointer@^4.0.0:
  version "4.0.1"
  resolved "https://registry.yarnpkg.com/jsonpointer/-/jsonpointer-4.0.1.tgz#4fd92cb34e0e9db3c89c8622ecf51f9b978c6cb9"

lodash@^4.11.1, lodash@^4.7.0:
  version "4.17.4"
  resolved "https://registry.yarnpkg.com/lodash/-/lodash-4.17.4.tgz#78203a4d1c328ae1d86dca6460e369b57f4055ae"

make-error@^1.1.1:
  version "1.3.0"
  resolved "https://registry.yarnpkg.com/make-error/-/make-error-1.3.0.tgz#52ad3a339ccf10ce62b4040b708fe707244b8b96"

md5@~2.2.0:
  version "2.2.1"
  resolved "https://registry.yarnpkg.com/md5/-/md5-2.2.1.tgz#53ab38d5fe3c8891ba465329ea23fac0540126f9"
  dependencies:
    charenc "~0.0.1"
    crypt "~0.0.1"
    is-buffer "~1.1.1"

memory-cache@~0.1.5:
  version "0.1.6"
  resolved "https://registry.yarnpkg.com/memory-cache/-/memory-cache-0.1.6.tgz#2ed9933ed7a8c718249be7366f7ca8749acf8a24"

methods@^1.1.1:
  version "1.1.2"
  resolved "https://registry.yarnpkg.com/methods/-/methods-1.1.2.tgz#5529a4d67654134edcc5266656835b0f851afcee"

mime-db@~1.29.0:
  version "1.29.0"
  resolved "https://registry.yarnpkg.com/mime-db/-/mime-db-1.29.0.tgz#48d26d235589651704ac5916ca06001914266878"

mime-types@^2.1.12:
  version "2.1.16"
  resolved "https://registry.yarnpkg.com/mime-types/-/mime-types-2.1.16.tgz#2b858a52e5ecd516db897ac2be87487830698e23"
  dependencies:
    mime-db "~1.29.0"

mime@^1.3.6:
  version "1.3.6"
  resolved "https://registry.yarnpkg.com/mime/-/mime-1.3.6.tgz#591d84d3653a6b0b4a3b9df8de5aa8108e72e5e0"

minimatch@^3.0.4:
  version "3.0.4"
  resolved "https://registry.yarnpkg.com/minimatch/-/minimatch-3.0.4.tgz#5166e286457f03306064be5497e8dbb0c3d32083"
  dependencies:
    brace-expansion "^1.1.7"

minimist@0.0.8:
  version "0.0.8"
  resolved "https://registry.yarnpkg.com/minimist/-/minimist-0.0.8.tgz#857fcabfc3397d2625b8228262e86aa7a011b05d"

minimist@^1.2.0:
  version "1.2.0"
  resolved "https://registry.yarnpkg.com/minimist/-/minimist-1.2.0.tgz#a35008b20f41383eec1fb914f4cd5df79a264284"

mkdirp@^0.5.1:
  version "0.5.1"
  resolved "https://registry.yarnpkg.com/mkdirp/-/mkdirp-0.5.1.tgz#30057438eac6cf7f8c4767f38648d6697d75c903"
  dependencies:
    minimist "0.0.8"

mpath@~0.2.1:
  version "0.2.1"
  resolved "https://registry.yarnpkg.com/mpath/-/mpath-0.2.1.tgz#3a4e829359801de96309c27a6b2e102e89f9e96e"

ms@2.0.0:
  version "2.0.0"
  resolved "https://registry.yarnpkg.com/ms/-/ms-2.0.0.tgz#5608aeadfc00be6c2901df5f9861788de0d597c8"

native-promise-only@^0.8.1:
  version "0.8.1"
  resolved "https://registry.yarnpkg.com/native-promise-only/-/native-promise-only-0.8.1.tgz#20a318c30cb45f71fe7adfbf7b21c99c1472ef11"

node-fetch@^1.7.2:
  version "1.7.2"
  resolved "https://registry.yarnpkg.com/node-fetch/-/node-fetch-1.7.2.tgz#c54e9aac57e432875233525f3c891c4159ffefd7"
  dependencies:
    encoding "^0.1.11"
    is-stream "^1.0.1"

once@^1.3.0:
  version "1.4.0"
  resolved "https://registry.yarnpkg.com/once/-/once-1.4.0.tgz#583b1aa775961d4b113ac17d9c50baef9dd76bd1"
  dependencies:
    wrappy "1"

path-is-absolute@^1.0.0:
  version "1.0.1"
  resolved "https://registry.yarnpkg.com/path-is-absolute/-/path-is-absolute-1.0.1.tgz#174b9268735534ffbc7ace6bf53a5a9e1b5c5f5f"

path-loader@^1.0.2:
  version "1.0.2"
  resolved "https://registry.yarnpkg.com/path-loader/-/path-loader-1.0.2.tgz#cd5c73e7e39a91011be148d6bfdd8a85bb931ef9"
  dependencies:
    native-promise-only "^0.8.1"
    superagent "^3.5.2"

process-nextick-args@~1.0.6:
  version "1.0.7"
  resolved "https://registry.yarnpkg.com/process-nextick-args/-/process-nextick-args-1.0.7.tgz#150e20b756590ad3f91093f25a4f2ad8bff30ba3"

punycode@^2.1.0:
  version "2.1.0"
  resolved "https://registry.yarnpkg.com/punycode/-/punycode-2.1.0.tgz#5f863edc89b96db09074bad7947bf09056ca4e7d"

qs@^6.4.0:
  version "6.5.0"
  resolved "https://registry.yarnpkg.com/qs/-/qs-6.5.0.tgz#8d04954d364def3efc55b5a0793e1e2c8b1e6e49"

readable-stream@^2.0.5:
  version "2.3.3"
  resolved "https://registry.yarnpkg.com/readable-stream/-/readable-stream-2.3.3.tgz#368f2512d79f9d46fdfc71349ae7878bbc1eb95c"
  dependencies:
    core-util-is "~1.0.0"
    inherits "~2.0.3"
    isarray "~1.0.0"
    process-nextick-args "~1.0.6"
    safe-buffer "~5.1.1"
    string_decoder "~1.0.3"
    util-deprecate "~1.0.1"

safe-buffer@~5.1.0, safe-buffer@~5.1.1:
  version "5.1.1"
  resolved "https://registry.yarnpkg.com/safe-buffer/-/safe-buffer-5.1.1.tgz#893312af69b2123def71f57889001671eeb2c853"

slash@^1.0.0:
  version "1.0.0"
  resolved "https://registry.yarnpkg.com/slash/-/slash-1.0.0.tgz#c41f2f6c39fc16d1cd17ad4b5d896114ae470d55"

source-map-support@^0.4.0:
  version "0.4.16"
  resolved "https://registry.yarnpkg.com/source-map-support/-/source-map-support-0.4.16.tgz#16fecf98212467d017d586a2af68d628b9421cd8"
  dependencies:
    source-map "^0.5.6"

source-map@^0.5.6:
  version "0.5.7"
  resolved "https://registry.yarnpkg.com/source-map/-/source-map-0.5.7.tgz#8a039d2d1021d22d1ea14c80d8ea468ba2ef3fcc"

sprintf-js@~1.0.2:
  version "1.0.3"
  resolved "https://registry.yarnpkg.com/sprintf-js/-/sprintf-js-1.0.3.tgz#04e6926f662895354f3dd015203633b857297e2c"

string_decoder@~1.0.3:
  version "1.0.3"
  resolved "https://registry.yarnpkg.com/string_decoder/-/string_decoder-1.0.3.tgz#0fc67d7c141825de94282dd536bec6b9bce860ab"
  dependencies:
    safe-buffer "~5.1.0"

strip-bom@^3.0.0:
  version "3.0.0"
  resolved "https://registry.yarnpkg.com/strip-bom/-/strip-bom-3.0.0.tgz#2334c18e9c759f7bdd56fdef7e9ae3d588e68ed3"

strip-json-comments@^2.0.0:
  version "2.0.1"
  resolved "https://registry.yarnpkg.com/strip-json-comments/-/strip-json-comments-2.0.1.tgz#3c531942e908c2697c0ec344858c286c7ca0a60a"

superagent@^3.5.2:
  version "3.6.0"
  resolved "https://registry.yarnpkg.com/superagent/-/superagent-3.6.0.tgz#eb679651057c3462199c7b902b696c25350e1b87"
  dependencies:
    component-emitter "^1.2.0"
    cookiejar "^2.1.0"
    debug "^2.6.0"
    extend "^3.0.0"
    form-data "^2.1.1"
    formidable "^1.1.1"
    methods "^1.1.1"
    mime "^1.3.6"
    qs "^6.4.0"
    readable-stream "^2.0.5"

supports-color@^4.0.0:
  version "4.2.1"
  resolved "https://registry.yarnpkg.com/supports-color/-/supports-color-4.2.1.tgz#65a4bb2631e90e02420dba5554c375a4754bb836"
  dependencies:
    has-flag "^2.0.0"

swagger2@^0.0.24:
  version "0.0.24"
  resolved "https://registry.yarnpkg.com/swagger2/-/swagger2-0.0.24.tgz#b7e81bc3a24674ce507b29dda022d55303602001"
  dependencies:
    is-my-json-valid "^2.16.0"
    json-refs "^2.1.6"
    json-schema-deref-sync "^0.3.3"
    yamljs "^0.2.8"

traverse@~0.6.6:
  version "0.6.6"
  resolved "https://registry.yarnpkg.com/traverse/-/traverse-0.6.6.tgz#cbdf560fd7b9af632502fed40f918c157ea97137"

ts-node@^3.3.0:
  version "3.3.0"
  resolved "https://registry.yarnpkg.com/ts-node/-/ts-node-3.3.0.tgz#c13c6a3024e30be1180dd53038fc209289d4bf69"
  dependencies:
    arrify "^1.0.0"
    chalk "^2.0.0"
    diff "^3.1.0"
    make-error "^1.1.1"
    minimist "^1.2.0"
    mkdirp "^0.5.1"
    source-map-support "^0.4.0"
    tsconfig "^6.0.0"
    v8flags "^3.0.0"
    yn "^2.0.0"

tsconfig@^6.0.0:
  version "6.0.0"
  resolved "https://registry.yarnpkg.com/tsconfig/-/tsconfig-6.0.0.tgz#6b0e8376003d7af1864f8df8f89dd0059ffcd032"
  dependencies:
    strip-bom "^3.0.0"
    strip-json-comments "^2.0.0"

typescript@^2.4.2:
  version "2.4.2"
  resolved "https://registry.yarnpkg.com/typescript/-/typescript-2.4.2.tgz#f8395f85d459276067c988aa41837a8f82870844"

uri-js@^3.0.2:
  version "3.0.2"
  resolved "https://registry.yarnpkg.com/uri-js/-/uri-js-3.0.2.tgz#f90b858507f81dea4dcfbb3c4c3dbfa2b557faaa"
  dependencies:
    punycode "^2.1.0"

user-home@^1.1.1:
  version "1.1.1"
  resolved "https://registry.yarnpkg.com/user-home/-/user-home-1.1.1.tgz#2b5be23a32b63a7c9deb8d0f28d485724a3df190"

util-deprecate@~1.0.1:
  version "1.0.2"
  resolved "https://registry.yarnpkg.com/util-deprecate/-/util-deprecate-1.0.2.tgz#450d4dc9fa70de732762fbd2d4a28981419a0ccf"

v8flags@^3.0.0:
  version "3.0.0"
  resolved "https://registry.yarnpkg.com/v8flags/-/v8flags-3.0.0.tgz#4be9604488e0c4123645def705b1848d16b8e01f"
  dependencies:
    user-home "^1.1.1"

valid-url@~1.0.9:
  version "1.0.9"
  resolved "https://registry.yarnpkg.com/valid-url/-/valid-url-1.0.9.tgz#1c14479b40f1397a75782f115e4086447433a200"

wrappy@1:
  version "1.0.2"
  resolved "https://registry.yarnpkg.com/wrappy/-/wrappy-1.0.2.tgz#b5243d8f3ec1aa35f1364605bc0d1036e30ab69f"

xml-escape@^1.1.0:
  version "1.1.0"
  resolved "https://registry.yarnpkg.com/xml-escape/-/xml-escape-1.1.0.tgz#3904c143fa8eb3a0030ec646d2902a2f1b706c44"

xtend@^4.0.0:
  version "4.0.1"
  resolved "https://registry.yarnpkg.com/xtend/-/xtend-4.0.1.tgz#a5c6d532be656e23db820efb943a1f04998d63af"

yamljs@^0.2.8:
  version "0.2.10"
  resolved "https://registry.yarnpkg.com/yamljs/-/yamljs-0.2.10.tgz#481cc7c25ca73af59f591f0c96e3ce56c757a40f"
  dependencies:
    argparse "^1.0.7"
    glob "^7.0.5"

yn@^2.0.0:
  version "2.0.0"
  resolved "https://registry.yarnpkg.com/yn/-/yn-2.0.0.tgz#e5adabc8acf408f6385fc76495684c88e6af689a"
